
Microsoft Visual Studio Solution File, Format Version 12.00
# Visual Studio 15
VisualStudioVersion = 15.0.28307.1401
MinimumVisualStudioVersion = 10.0.40219.1
Project("{FAE04EC0-301F-11D3-BF4B-00C04F79EFBC}") = "WebApplication1", "WebApplication1\WebApplication1.csproj", "{B709B669-A83A-4D6F-B13E-4FD4369742DD}"
EndProject
Global
	GlobalSection(SolutionConfigurationPlatforms) = preSolution
		Debug|Any CPU = Debug|Any CPU
		Release|Any CPU = Release|Any CPU
	EndGlobalSection
	GlobalSection(ProjectConfigurationPlatforms) = postSolution
		{B709B669-A83A-4D6F-B13E-4FD4369742DD}.Debug|Any CPU.ActiveCfg = Debug|Any CPU
		{B709B669-A83A-4D6F-B13E-4FD4369742DD}.Debug|Any CPU.Build.0 = Debug|Any CPU
		{B709B669-A83A-4D6F-B13E-4FD4369742DD}.Release|Any CPU.ActiveCfg = Release|Any CPU
		{B709B669-A83A-4D6F-B13E-4FD4369742DD}.Release|Any CPU.Build.0 = Release|Any CPU
	EndGlobalSection
	GlobalSection(SolutionProperties) = preSolution
		HideSolutionNode = FALSE
	EndGlobalSection
	GlobalSection(ExtensibilityGlobals) = postSolution
		SolutionGuid = {56113ADC-8ABD-4481-912E-DB3C74A42189}
	EndGlobalSection
EndGlobal
